
Microsoft Visual Studio Solution File, Format Version 12.00
# Visual Studio 2012
Project("{8BC9CEB8-8B4A-11D0-8D11-00A0C91BC942}") = "ModLauncher", "ModLauncher.vcxproj", "{5703602A-18C8-4781-8435-404AEFCAFEAA}"
EndProject
Global
	GlobalSection(SolutionConfigurationPlatforms) = preSolution
		Debug|x64 = Debug|x64
		Release External|x64 = Release External|x64
		Release|x64 = Release|x64
	EndGlobalSection
	GlobalSection(ProjectConfigurationPlatforms) = postSolution
		{5703602A-18C8-4781-8435-404AEFCAFEAA}.Debug|x64.ActiveCfg = Debug|x64
		{5703602A-18C8-4781-8435-404AEFCAFEAA}.Debug|x64.Build.0 = Debug|x64
		{5703602A-18C8-4781-8435-404AEFCAFEAA}.Release External|x64.ActiveCfg = Release External|x64
		{5703602A-18C8-4781-8435-404AEFCAFEAA}.Release External|x64.Build.0 = Release External|x64
		{5703602A-18C8-4781-8435-404AEFCAFEAA}.Release|x64.ActiveCfg = Release|x64
		{5703602A-18C8-4781-8435-404AEFCAFEAA}.Release|x64.Build.0 = Release|x64
	EndGlobalSection
	GlobalSection(SolutionProperties) = preSolution
		HideSolutionNode = FALSE
	EndGlobalSection
	GlobalSection(ExtensibilityGlobals) = postSolution
		Qt5Version = external
	EndGlobalSection
EndGlobal
